
Microsoft Visual Studio Solution File, Format Version 12.00
# Visual Studio 15
Project("{FAE04EC0-301F-11D3-BF4B-00C04F79EFBC}") = "Unity.2D.Tilemap.Extras", "Unity.2D.Tilemap.Extras.csproj", "{73D56B80-D17B-CB41-BFDD-140E80F48632}"
EndProject
Project("{FAE04EC0-301F-11D3-BF4B-00C04F79EFBC}") = "Unity.2D.Tilemap.Extras.Editor", "Unity.2D.Tilemap.Extras.Editor.csproj", "{682CC738-F816-0477-1BCF-AA346F67B962}"
EndProject
Project("{FAE04EC0-301F-11D3-BF4B-00C04F79EFBC}") = "Assembly-CSharp", "Assembly-CSharp.csproj", "{44C4A957-E97A-16DD-59F3-5D92C252523B}"
EndProject
Project("{FAE04EC0-301F-11D3-BF4B-00C04F79EFBC}") = "Unity.2D.Tilemap.Extras.Placeholder.EditorTests", "Unity.2D.Tilemap.Extras.Placeholder.EditorTests.csproj", "{3D081514-F3C1-2CF3-2354-08A7A64F263B}"
EndProject
Global
	GlobalSection(SolutionConfigurationPlatforms) = preSolution
		Debug|Any CPU = Debug|Any CPU
		Release|Any CPU = Release|Any CPU
	EndGlobalSection
	GlobalSection(ProjectConfigurationPlatforms) = postSolution
		{73D56B80-D17B-CB41-BFDD-140E80F48632}.Debug|Any CPU.ActiveCfg = Debug|Any CPU
		{73D56B80-D17B-CB41-BFDD-140E80F48632}.Debug|Any CPU.Build.0 = Debug|Any CPU
		{73D56B80-D17B-CB41-BFDD-140E80F48632}.Release|Any CPU.ActiveCfg = Release|Any CPU
		{73D56B80-D17B-CB41-BFDD-140E80F48632}.Release|Any CPU.Build.0 = Release|Any CPU
		{682CC738-F816-0477-1BCF-AA346F67B962}.Debug|Any CPU.ActiveCfg = Debug|Any CPU
		{682CC738-F816-0477-1BCF-AA346F67B962}.Debug|Any CPU.Build.0 = Debug|Any CPU
		{682CC738-F816-0477-1BCF-AA346F67B962}.Release|Any CPU.ActiveCfg = Release|Any CPU
		{682CC738-F816-0477-1BCF-AA346F67B962}.Release|Any CPU.Build.0 = Release|Any CPU
		{44C4A957-E97A-16DD-59F3-5D92C252523B}.Debug|Any CPU.ActiveCfg = Debug|Any CPU
		{44C4A957-E97A-16DD-59F3-5D92C252523B}.Debug|Any CPU.Build.0 = Debug|Any CPU
		{44C4A957-E97A-16DD-59F3-5D92C252523B}.Release|Any CPU.ActiveCfg = Release|Any CPU
		{44C4A957-E97A-16DD-59F3-5D92C252523B}.Release|Any CPU.Build.0 = Release|Any CPU
		{3D081514-F3C1-2CF3-2354-08A7A64F263B}.Debug|Any CPU.ActiveCfg = Debug|Any CPU
		{3D081514-F3C1-2CF3-2354-08A7A64F263B}.Debug|Any CPU.Build.0 = Debug|Any CPU
		{3D081514-F3C1-2CF3-2354-08A7A64F263B}.Release|Any CPU.ActiveCfg = Release|Any CPU
		{3D081514-F3C1-2CF3-2354-08A7A64F263B}.Release|Any CPU.Build.0 = Release|Any CPU
	EndGlobalSection
	GlobalSection(SolutionProperties) = preSolution
		HideSolutionNode = FALSE
	EndGlobalSection
EndGlobal
